
Microsoft Visual Studio Solution File, Format Version 12.00
# Visual Studio Version 17
VisualStudioVersion = 17.0.31903.59
MinimumVisualStudioVersion = 10.0.40219.1
Project("{FAE04EC0-301F-11D3-BF4B-00C04F79EFBC}") = "API", "API\API.csproj", "{88EECA67-E499-4DB5-9401-85418766061A}"
EndProject
Project("{FAE04EC0-301F-11D3-BF4B-00C04F79EFBC}") = "Core", "Core\Core.csproj", "{ACB11043-3C1D-4106-B545-4E747ACBC3F6}"
EndProject
Project("{FAE04EC0-301F-11D3-BF4B-00C04F79EFBC}") = "Infrastructure", "Infrastructure\Infrastructure.csproj", "{34ADF11C-1EAD-4E37-B90B-2EE5989A0476}"
EndProject
Global
	GlobalSection(SolutionConfigurationPlatforms) = preSolution
		Debug|Any CPU = Debug|Any CPU
		Release|Any CPU = Release|Any CPU
	EndGlobalSection
	GlobalSection(SolutionProperties) = preSolution
		HideSolutionNode = FALSE
	EndGlobalSection
	GlobalSection(ProjectConfigurationPlatforms) = postSolution
		{88EECA67-E499-4DB5-9401-85418766061A}.Debug|Any CPU.ActiveCfg = Debug|Any CPU
		{88EECA67-E499-4DB5-9401-85418766061A}.Debug|Any CPU.Build.0 = Debug|Any CPU
		{88EECA67-E499-4DB5-9401-85418766061A}.Release|Any CPU.ActiveCfg = Release|Any CPU
		{88EECA67-E499-4DB5-9401-85418766061A}.Release|Any CPU.Build.0 = Release|Any CPU
		{ACB11043-3C1D-4106-B545-4E747ACBC3F6}.Debug|Any CPU.ActiveCfg = Debug|Any CPU
		{ACB11043-3C1D-4106-B545-4E747ACBC3F6}.Debug|Any CPU.Build.0 = Debug|Any CPU
		{ACB11043-3C1D-4106-B545-4E747ACBC3F6}.Release|Any CPU.ActiveCfg = Release|Any CPU
		{ACB11043-3C1D-4106-B545-4E747ACBC3F6}.Release|Any CPU.Build.0 = Release|Any CPU
		{34ADF11C-1EAD-4E37-B90B-2EE5989A0476}.Debug|Any CPU.ActiveCfg = Debug|Any CPU
		{34ADF11C-1EAD-4E37-B90B-2EE5989A0476}.Debug|Any CPU.Build.0 = Debug|Any CPU
		{34ADF11C-1EAD-4E37-B90B-2EE5989A0476}.Release|Any CPU.ActiveCfg = Release|Any CPU
		{34ADF11C-1EAD-4E37-B90B-2EE5989A0476}.Release|Any CPU.Build.0 = Release|Any CPU
	EndGlobalSection
EndGlobal
